# This file was autogenerated by Stack.
# You should not edit this file by hand.
# For more information, please see the documentation at:
#   https://docs.haskellstack.org/en/stable/lock_files

packages:
- completed:
    hackage: ansi-terminal-0.10.3@sha256:e2fbcef5f980dc234c7ad8e2fa433b0e8109132c9e643bc40ea5608cd5697797,3226
    pantry-tree:
      size: 1461
      sha256: 02f05d52be3ffcf36c78876629cbab80b63420672685371aea4fd10e1c4aabb6
  original:
    hackage: ansi-terminal-0.10.3
- completed:
    hackage: terminfo-hs-0.2.1@sha256:ca6b5ef2ea438cc36425d227c9e43a7ab4cf22d453acd19198d859eda8604a73,1584
    pantry-tree:
      size: 550
      sha256: 4705e499185758956dcc3fb2df1ca88220d370d1bd6f33a281faa5e65d765cf0
  original:
    hackage: terminfo-hs-0.2.1
- completed:
    cabal-file:
      size: 3913
      sha256: 78144501c75f52c8491d59f79925ffa563ee827f83e9e273136edacaea3e141a
    name: byline
    version: 0.3.1.0
    git: https://github.com/samtay/byline.git
    pantry-tree:
      size: 1819
      sha256: 3bc6f315ef60e0ad54e4a2ebad984de1411d25b629b8fd24b61c85f344cf758d
    commit: ac64db655f46f55406762e08e5942fb031c41774
  original:
    git: https://github.com/samtay/byline.git
    commit: ac64db655f46f55406762e08e5942fb031c41774
snapshots:
- completed:
    size: 491163
    url: https://raw.githubusercontent.com/commercialhaskell/stackage-snapshots/master/lts/15/4.yaml
    sha256: bc60043a06b58902b533baa80fb566c0ec495c41e428bc0f8c1e8c15b2a4c468
  original: lts-15.4
